# This is a Gradle generated file for dependency locking.
# Manual edits can break the build and are not advised.
# This file is expected to be part of source control.
com.esotericsoftware:kryo:5.0.0-RC1=upstreamApiRuntime
com.esotericsoftware:kryo:5.6.2=compileClasspath,runtimeClasspath,testCompileClasspath,testRuntimeClasspath
com.esotericsoftware:minlog:1.3.0=upstreamApiRuntime
com.esotericsoftware:minlog:1.3.1=compileClasspath,runtimeClasspath,testCompileClasspath,testRuntimeClasspath
com.esotericsoftware:reflectasm:1.11.7=upstreamApiRuntime
com.esotericsoftware:reflectasm:1.11.9=compileClasspath,runtimeClasspath,testCompileClasspath,testRuntimeClasspath
com.github.siom79.japicmp:japicmp:0.26.1=japicmpTool
com.github.spotbugs:spotbugs-annotations:4.10.2=spotbugs
com.github.spotbugs:spotbugs:4.10.2=spotbugs
com.github.stephenc.jcip:jcip-annotations:1.0-1=spotbugs
com.google.code.findbugs:jsr305:3.0.2=spotbugs
com.google.code.gson:gson:2.14.0=spotbugs
com.google.errorprone:error_prone_annotations:2.36.0=japicmpTool
com.google.errorprone:error_prone_annotations:2.48.0=spotbugs
com.google.guava:failureaccess:1.0.3=japicmpTool
com.google.guava:guava:33.4.8-jre=japicmpTool
com.google.guava:listenablefuture:9999.0-empty-to-avoid-conflict-with-guava=japicmpTool
com.google.j2objc:j2objc-annotations:3.0.0=japicmpTool
com.googlecode.concurrent-trees:concurrent-trees:2.6.1=compileClasspath,runtimeClasspath,testCompileClasspath,testRuntimeClasspath,upstreamApiRuntime
com.googlecode.cqengine:cqengine:3.6.0=upstreamApiBaseline,upstreamApiRuntime,upstreamOsgiBaseline
com.h3xstream.findsecbugs:findsecbugs-plugin:1.14.0=spotbugsPlugins
com.ibm.icu:icu4j:72.1=antlr
com.sun.istack:istack-commons-runtime:3.0.8=japicmpTool
com.sun.xml.fastinfoset:FastInfoset:1.2.16=japicmpTool
commons-io:commons-io:2.21.0=spotbugs
de.javakaffee:kryo-serializers:0.45=upstreamApiRuntime
jakarta.activation:jakarta.activation-api:1.2.1=japicmpTool
jakarta.xml.bind:jakarta.xml.bind-api:2.3.2=japicmpTool
jaxen:jaxen:2.0.6=spotbugs
net.bytebuddy:byte-buddy-agent:1.17.7=testCompileClasspath,testRuntimeClasspath
net.bytebuddy:byte-buddy:1.18.5=testCompileClasspath,testRuntimeClasspath
net.jodah:typetools:0.6.1=upstreamApiRuntime
net.sf.saxon:Saxon-HE:12.9=spotbugs
nl.jqno.equalsverifier:equalsverifier:4.5=testCompileClasspath,testRuntimeClasspath
org.abego.treelayout:org.abego.treelayout.core:1.0.3=antlr
org.antlr:ST4:4.3.4=antlr
org.antlr:antlr-runtime:3.5.3=antlr
org.antlr:antlr4-runtime:4.13.2=antlr,compileClasspath,runtimeClasspath,testCompileClasspath,testRuntimeClasspath
org.antlr:antlr4-runtime:4.7.2=upstreamApiRuntime
org.antlr:antlr4:4.13.2=antlr
org.apache.bcel:bcel:6.12.0=spotbugs
org.apache.commons:commons-lang3:3.20.0=spotbugs
org.apache.commons:commons-text:1.15.0=spotbugs
org.apache.logging.log4j:log4j-api:2.26.0=spotbugs
org.apache.logging.log4j:log4j-core:2.26.0=spotbugs
org.apiguardian:apiguardian-api:1.1.2=testCompileClasspath
org.dom4j:dom4j:2.2.0=spotbugs
org.glassfish.jaxb:jaxb-runtime:2.3.2=japicmpTool
org.glassfish.jaxb:txw2:2.3.2=japicmpTool
org.jacoco:org.jacoco.agent:0.8.15=jacocoAgent,jacocoAnt
org.jacoco:org.jacoco.ant:0.8.15=jacocoAnt
org.jacoco:org.jacoco.core:0.8.15=jacocoAnt
org.jacoco:org.jacoco.report:0.8.15=jacocoAnt
org.javassist:javassist:3.25.0-GA=upstreamApiRuntime
org.javassist:javassist:3.30.2-GA=japicmpTool
org.javassist:javassist:3.32.0-GA=compileClasspath,runtimeClasspath,testCompileClasspath,testRuntimeClasspath
org.jspecify:jspecify:1.0.0=japicmpTool,testCompileClasspath
org.junit.jupiter:junit-jupiter-api:6.0.3=testCompileClasspath,testRuntimeClasspath
org.junit.jupiter:junit-jupiter-engine:6.0.3=testRuntimeClasspath
org.junit.jupiter:junit-jupiter-params:6.0.3=testCompileClasspath,testRuntimeClasspath
org.junit.jupiter:junit-jupiter:6.0.3=testCompileClasspath,testRuntimeClasspath
org.junit.platform:junit-platform-commons:6.0.3=testCompileClasspath,testRuntimeClasspath
org.junit.platform:junit-platform-engine:6.0.3=testRuntimeClasspath
org.junit.platform:junit-platform-launcher:6.0.3=testRuntimeClasspath
org.junit:junit-bom:6.0.3=testCompileClasspath,testRuntimeClasspath
org.junit:junit-bom:6.1.0=spotbugs
org.jvnet.staxex:stax-ex:1.8.1=japicmpTool
org.mockito:mockito-core:5.23.0=mockitoAgent,testCompileClasspath,testRuntimeClasspath
org.objenesis:objenesis:2.6=upstreamApiRuntime
org.objenesis:objenesis:3.4=compileClasspath,runtimeClasspath
org.objenesis:objenesis:3.5=testCompileClasspath,testRuntimeClasspath
org.opentest4j:opentest4j:1.3.0=testCompileClasspath,testRuntimeClasspath
org.ow2.asm:asm-analysis:9.10.1=spotbugs
org.ow2.asm:asm-commons:9.10.1=jacocoAnt,spotbugs
org.ow2.asm:asm-tree:9.10.1=jacocoAnt,spotbugs
org.ow2.asm:asm-util:9.10.1=spotbugs
org.ow2.asm:asm:9.10.1=jacocoAnt,spotbugs
org.slf4j:slf4j-api:2.0.17=spotbugsSlf4j
org.slf4j:slf4j-api:2.0.18=spotbugs
org.slf4j:slf4j-simple:2.0.17=spotbugsSlf4j
org.xerial:sqlite-jdbc:3.27.2.1=upstreamApiRuntime
org.xerial:sqlite-jdbc:3.53.2.0=compileClasspath,runtimeClasspath,testCompileClasspath,testRuntimeClasspath
org.xmlresolver:xmlresolver:5.3.3=spotbugs
empty=annotationProcessor,baseline,cyclonedxBom,shadow,testAnnotationProcessor
